
Microsoft Visual Studio Solution File, Format Version 12.00
# Visual Studio Version 18
VisualStudioVersion = 18.4.11612.150 stable
MinimumVisualStudioVersion = 10.0.40219.1
Project("{FAE04EC0-301F-11D3-BF4B-00C04F79EFBC}") = "ContatosApi", "ContatosApi.csproj", "{39AEFEA6-E8A5-213A-3271-CF1C7C0CCCB1}"
EndProject
Global
	GlobalSection(SolutionConfigurationPlatforms) = preSolution
		Debug|Any CPU = Debug|Any CPU
		Release|Any CPU = Release|Any CPU
	EndGlobalSection
	GlobalSection(ProjectConfigurationPlatforms) = postSolution
		{39AEFEA6-E8A5-213A-3271-CF1C7C0CCCB1}.Debug|Any CPU.ActiveCfg = Debug|Any CPU
		{39AEFEA6-E8A5-213A-3271-CF1C7C0CCCB1}.Debug|Any CPU.Build.0 = Debug|Any CPU
		{39AEFEA6-E8A5-213A-3271-CF1C7C0CCCB1}.Release|Any CPU.ActiveCfg = Release|Any CPU
		{39AEFEA6-E8A5-213A-3271-CF1C7C0CCCB1}.Release|Any CPU.Build.0 = Release|Any CPU
	EndGlobalSection
	GlobalSection(SolutionProperties) = preSolution
		HideSolutionNode = FALSE
	EndGlobalSection
	GlobalSection(ExtensibilityGlobals) = postSolution
		SolutionGuid = {4CD36128-2347-4E9E-95CF-FA1FCC3F6F4C}
	EndGlobalSection
EndGlobal
